
Microsoft Visual Studio Solution File, Format Version 12.00
# Visual Studio Version 16
VisualStudioVersion = 16.0.31112.23
MinimumVisualStudioVersion = 10.0.40219.1
Project("{FAE04EC0-301F-11D3-BF4B-00C04F79EFBC}") = "Classes", "Classes\Classes.csproj", "{EC60358D-D7FC-447D-9800-6B6F0FF751E6}"
EndProject
Global
	GlobalSection(SolutionConfigurationPlatforms) = preSolution
		Debug|Any CPU = Debug|Any CPU
		Release|Any CPU = Release|Any CPU
	EndGlobalSection
	GlobalSection(ProjectConfigurationPlatforms) = postSolution
		{EC60358D-D7FC-447D-9800-6B6F0FF751E6}.Debug|Any CPU.ActiveCfg = Debug|Any CPU
		{EC60358D-D7FC-447D-9800-6B6F0FF751E6}.Debug|Any CPU.Build.0 = Debug|Any CPU
		{EC60358D-D7FC-447D-9800-6B6F0FF751E6}.Release|Any CPU.ActiveCfg = Release|Any CPU
		{EC60358D-D7FC-447D-9800-6B6F0FF751E6}.Release|Any CPU.Build.0 = Release|Any CPU
	EndGlobalSection
	GlobalSection(SolutionProperties) = preSolution
		HideSolutionNode = FALSE
	EndGlobalSection
	GlobalSection(ExtensibilityGlobals) = postSolution
		SolutionGuid = {F996ABFB-27B3-460D-95E7-15FF65D95D22}
	EndGlobalSection
EndGlobal
